version = 1
revision = 3
requires-python = ">=3.14"

[[package]]
name = "attrs"
version = "26.1.0"
source = { registry = "https://pypi.org/simple" }
sdist = { url = "https://files.pythonhosted.org/packages/9a/8e/82a0fe20a541c03148528be8cac2408564a6c9a0cc7e9171802bc1d26985/attrs-26.1.0.tar.gz", hash = "sha256:d03ceb89cb322a8fd706d4fb91940737b6642aa36998fe130a9bc96c985eff32", size = 952055, upload-time = "2026-03-19T14:22:25.026Z" }
wheels = [
    { url = "https://files.pythonhosted.org/packages/64/b4/17d4b0b2a2dc85a6df63d1157e028ed19f90d4cd97c36717afef2bc2f395/attrs-26.1.0-py3-none-any.whl", hash = "sha256:c647aa4a12dfbad9333ca4e71fe62ddc36f4e63b2d260a37a8b83d2f043ac309", size = 67548, upload-time = "2026-03-19T14:22:23.645Z" },
]

[[package]]
name = "click"
version = "8.4.2"
source = { registry = "https://pypi.org/simple" }
dependencies = [
    { name = "colorama", marker = "sys_platform == 'win32'" },
]
sdist = { url = "https://files.pythonhosted.org/packages/76/d4/81420972a676e8ffea40450d8c8c92943e7218a78fe9b64359836cc9876b/click-8.4.2.tar.gz", hash = "sha256:9a6cea6e60b17ebe0a44c5cc636d94f09bd66142c1cd7d8b4cd731c4917a15f6", size = 338000, upload-time = "2026-06-24T17:45:15.148Z" }
wheels = [
    { url = "https://files.pythonhosted.org/packages/fb/e2/79c688af8b210d232694e31e59da9f6ec747bae31c3f5946e4e9b98860d5/click-8.4.2-py3-none-any.whl", hash = "sha256:e6f9f66136c816745b9d65817da91d61d957fb16e02e4dcd0552553c5a197b76", size = 119243, upload-time = "2026-06-24T17:45:13.73Z" },
]

[[package]]
name = "colorama"
version = "0.4.6"
source = { registry = "https://pypi.org/simple" }
sdist = { url = "https://files.pythonhosted.org/packages/d8/53/6f443c9a4a8358a93a6792e2acffb9d9d5cb0a5cfd8802644b7b1c9a02e4/colorama-0.4.6.tar.gz", hash = "sha256:08695f5cb7ed6e0531a20572697297273c47b8cae5a63ffc6d6ed5c201be6e44", size = 27697, upload-time = "2022-10-25T02:36:22.414Z" }
wheels = [
    { url = "https://files.pythonhosted.org/packages/d1/d6/3965ed04c63042e047cb6a3e6ed1a63a35087b6a609aa3a15ed8ac56c221/colorama-0.4.6-py2.py3-none-any.whl", hash = "sha256:4f1d9991f5acc0ca119f9d443620b77f9d6b33703e51011c16baf57afb285fc6", size = 25335, upload-time = "2022-10-25T02:36:20.889Z" },
]

[[package]]
name = "ha-addons"
version = "0.1.0"
source = { virtual = "." }

[package.dev-dependencies]
dev = [
    { name = "interrogate" },
    { name = "prek" },
    { name = "pyright" },
    { name = "pyyaml" },
    { name = "ruamel-yaml" },
    { name = "ruff" },
    { name = "tally-cli" },
    { name = "taplo" },
    { name = "ty" },
]

[package.metadata]

[package.metadata.requires-dev]
dev = [
    { name = "interrogate" },
    { name = "prek" },
    { name = "pyright" },
    { name = "pyyaml" },
    { name = "ruamel-yaml" },
    { name = "ruff" },
    { name = "tally-cli" },
    { name = "taplo" },
    { name = "ty" },
]

[[package]]
name = "interrogate"
version = "1.7.0"
source = { registry = "https://pypi.org/simple" }
dependencies = [
    { name = "attrs" },
    { name = "click" },
    { name = "colorama" },
    { name = "py" },
    { name = "tabulate" },
]
sdist = { url = "https://files.pythonhosted.org/packages/8b/22/74f7fcc96280eea46cf2bcbfa1354ac31de0e60a4be6f7966f12cef20893/interrogate-1.7.0.tar.gz", hash = "sha256:a320d6ec644dfd887cc58247a345054fc4d9f981100c45184470068f4b3719b0", size = 159636, upload-time = "2024-04-07T22:30:46.217Z" }
wheels = [
    { url = "https://files.pythonhosted.org/packages/12/c9/6869a1dcf4aaf309b9543ec070be3ec3adebee7c9bec9af8c230494134b9/interrogate-1.7.0-py3-none-any.whl", hash = "sha256:b13ff4dd8403369670e2efe684066de9fcb868ad9d7f2b4095d8112142dc9d12", size = 46982, upload-time = "2024-04-07T22:30:44.277Z" },
]

[[package]]
name = "nodeenv"
version = "1.10.0"
source = { registry = "https://pypi.org/simple" }
sdist = { url = "https://files.pythonhosted.org/packages/24/bf/d1bda4f6168e0b2e9e5958945e01910052158313224ada5ce1fb2e1113b8/nodeenv-1.10.0.tar.gz", hash = "sha256:996c191ad80897d076bdfba80a41994c2b47c68e224c542b48feba42ba00f8bb", size = 55611, upload-time = "2025-12-20T14:08:54.006Z" }
wheels = [
    { url = "https://files.pythonhosted.org/packages/88/b2/d0896bdcdc8d28a7fc5717c305f1a861c26e18c05047949fb371034d98bd/nodeenv-1.10.0-py2.py3-none-any.whl", hash = "sha256:5bb13e3eed2923615535339b3c620e76779af4cb4c6a90deccc9e36b274d3827", size = 23438, upload-time = "2025-12-20T14:08:52.782Z" },
]

[[package]]
name = "prek"
version = "0.4.13"
source = { registry = "https://pypi.org/simple" }
sdist = { url = "https://files.pythonhosted.org/packages/d4/79/19f47eeb4d6092d36f94f47a056e7ae7a421d60220c772e8513483521b63/prek-0.4.13.tar.gz", hash = "sha256:9bf3dce400ef38a281836e4fe6429aa5f1690848be77cd97cb53c93769db4681", size = 533200, upload-time = "2026-08-10T08:54:15.477Z" }
wheels = [
    { url = "https://files.pythonhosted.org/packages/c8/12/661dc1c63c322000580dffa8503d28d633cb5d4c3181e662cbb86eded12e/prek-0.4.13-py3-none-linux_armv6l.whl", hash = "sha256:6a313f5f041b2fcbd33bceb6b6e11ee9b8621c8c6ad8ef13787a6d90541b624d", size = 5801508, upload-time = "2026-08-10T08:53:52.18Z" },
    { url = "https://files.pythonhosted.org/packages/86/4a/c50597a45d08b22e5704a5d4d5c03269a581b46cf1f060861f9ba96cdade/prek-0.4.13-py3-none-macosx_10_12_x86_64.whl", hash = "sha256:40436cd7247d2a2fc036ef07d7efcd828acf1aab9d648a8a3f21475e3ad3f789", size = 6141612, upload-time = "2026-08-10T08:53:53.86Z" },
    { url = "https://files.pythonhosted.org/packages/82/93/abc084bbd76bb6c34efbf7db441392f17b7bfc50a54c4d53d3e37c7ad6e0/prek-0.4.13-py3-none-macosx_11_0_arm64.whl", hash = "sha256:019a33b477b7b949fb6dcd6cb33ed494c4a28117e53c370c637ec0aba60211aa", size = 5625418, upload-time = "2026-08-10T08:53:55.39Z" },
    { url = "https://files.pythonhosted.org/packages/ec/4d/a310ff9adcb4b822d935eb55f0f5cdcfe4c18a16610bc5e220a11215dc38/prek-0.4.13-py3-none-manylinux_2_17_aarch64.manylinux2014_aarch64.musllinux_1_1_aarch64.whl", hash = "sha256:5a2851b6e60912e73be1bf2cf61fab5b314add15ba7bcf230f860282bdbaf16b", size = 5942132, upload-time = "2026-08-10T08:53:56.789Z" },
    { url = "https://files.pythonhosted.org/packages/f9/d8/811230ff285000abdc0fb98b56b9ef2d23b2dc530cf2da86fe1665f844ba/prek-0.4.13-py3-none-manylinux_2_17_armv7l.manylinux2014_armv7l.whl", hash = "sha256:9ba9b94bd3f47b5f94a4ae504c44f9529cb3258ebaf577a5a6070ea0c6a853d6", size = 5710181, upload-time = "2026-08-10T08:53:58.278Z" },
    { url = "https://files.pythonhosted.org/packages/74/84/01f7163cc4267daba6b01cfac726327c6d848d2bb7349bd2fd877d88f744/prek-0.4.13-py3-none-manylinux_2_17_i686.manylinux2014_i686.whl", hash = "sha256:33fc9e0d435cb9e650ec108f840febe7a94fd266c77149860091cead212dc82d", size = 6157705, upload-time = "2026-08-10T08:53:59.586Z" },
    { url = "https://files.pythonhosted.org/packages/30/e3/061a0e9ebd7064edf70bb783afa575d045ac0cc9035c2143b76401ebcaf5/prek-0.4.13-py3-none-manylinux_2_17_s390x.manylinux2014_s390x.whl", hash = "sha256:91066d8978eab83c111e7c34ee3046a003819d2df15ef7dc2bddeb83dce62bc0", size = 6898016, upload-time = "2026-08-10T08:54:00.927Z" },
    { url = "https://files.pythonhosted.org/packages/cd/68/5e8e2b9ff6a30b46bf35ca3b50e4d164c26406d9e7457d5b4633c6e1fbc0/prek-0.4.13-py3-none-manylinux_2_17_x86_64.manylinux2014_x86_64.whl", hash = "sha256:85646fcc940f30bd946d63b6bbd1000d946994c88e154c5bdde7773a2c358dcf", size = 6365056, upload-time = "2026-08-10T08:54:02.704Z" },
    { url = "https://files.pythonhosted.org/packages/f9/23/afe543b69fb7f35016645eb4b766191e814cbcfa5545d695a2a7dd9b712e/prek-0.4.13-py3-none-manylinux_2_28_aarch64.whl", hash = "sha256:961859c3ddddb8e10367afcf93742da36fa213eda080f168fc1dcbe33e0b004d", size = 5952174, upload-time = "2026-08-10T08:54:04.079Z" },
    { url = "https://files.pythonhosted.org/packages/cc/6e/9e651ce51aa0b03244277f5e0660cf1b946a270cb62635a8a100389a67a2/prek-0.4.13-py3-none-manylinux_2_31_riscv64.whl", hash = "sha256:ccf4fcbfc686ad6b589f2908ed6012a315091c45163e1f4420648b9669651a9e", size = 5761875, upload-time = "2026-08-10T08:54:05.378Z" },
    { url = "https://files.pythonhosted.org/packages/cf/64/e70e18734d93df272476d2f1b30d92c71d41ee7141070f1dd13cfbb2eff8/prek-0.4.13-py3-none-musllinux_1_1_armv7l.whl", hash = "sha256:eb4b7edfe00ca73e58d7e26fb871abddc5854e8d21067a202e43418fb7f98ef2", size = 5685365, upload-time = "2026-08-10T08:54:06.729Z" },
    { url = "https://files.pythonhosted.org/packages/de/78/686fd5d3f12249368a0fdd8f7705e3ba540402a6157ef0b888e48734ff83/prek-0.4.13-py3-none-musllinux_1_1_i686.whl", hash = "sha256:c29449443f89da1647331742984b7046a55084759ad642373a9cc0a973494339", size = 5999013, upload-time = "2026-08-10T08:54:08.183Z" },
    { url = "https://files.pythonhosted.org/packages/9e/aa/93ffac2460b44f6182dbbb3194db976d18332edcb8208c4a796f8f9955f8/prek-0.4.13-py3-none-musllinux_1_1_x86_64.whl", hash = "sha256:7a04d5ac901819b115ecd0bf79cee091f0034323767abcc4a53626eeb96c3be0", size = 6486759, upload-time = "2026-08-10T08:54:09.775Z" },
    { url = "https://files.pythonhosted.org/packages/5b/3c/9f12c0d469ea345c249d5b0a027a1f2bf1ca05041d7785c34c455a9b605c/prek-0.4.13-py3-none-win32.whl", hash = "sha256:6d1bdcc1699ae18270f9bac9c4b4d29c6f1512b7a067e17ce5e220c30636f88c", size = 5515046, upload-time = "2026-08-10T08:54:11.456Z" },
    { url = "https://files.pythonhosted.org/packages/9e/3c/ef9ec67c560e60525d6a49b48a2a60434906f25ec2efa5e010fe2d42bbfa/prek-0.4.13-py3-none-win_amd64.whl", hash = "sha256:2d8fd796ed7944154fbee6d5a6d2490b9d4f14ce3626b1a0c9ca698455b25d9b", size = 5894683, upload-time = "2026-08-10T08:54:12.88Z" },
    { url = "https://files.pythonhosted.org/packages/c5/ce/8fe8fdf8154108a552d5578400da44144697ed11e5bd71d5a4980d7e202e/prek-0.4.13-py3-none-win_arm64.whl", hash = "sha256:65d6811b0220444bcdf539e157d7d5cb8edab01a5ed89534c70d73d675266ecb", size = 5650616, upload-time = "2026-08-10T08:54:14.21Z" },
]

[[package]]
name = "py"
version = "1.11.0"
source = { registry = "https://pypi.org/simple" }
sdist = { url = "https://files.pythonhosted.org/packages/98/ff/fec109ceb715d2a6b4c4a85a61af3b40c723a961e8828319fbcb15b868dc/py-1.11.0.tar.gz", hash = "sha256:51c75c4126074b472f746a24399ad32f6053d1b34b68d2fa41e558e6f4a98719", size = 207796, upload-time = "2021-11-04T17:17:01.377Z" }
wheels = [
    { url = "https://files.pythonhosted.org/packages/f6/f0/10642828a8dfb741e5f3fbaac830550a518a775c7fff6f04a007259b0548/py-1.11.0-py2.py3-none-any.whl", hash = "sha256:607c53218732647dff4acdfcd50cb62615cedf612e72d1724fb1a0cc6405b378", size = 98708, upload-time = "2021-11-04T17:17:00.152Z" },
]

[[package]]
name = "pyright"
version = "1.1.411"
source = { registry = "https://pypi.org/simple" }
dependencies = [
    { name = "nodeenv" },
    { name = "typing-extensions" },
]
sdist = { url = "https://files.pythonhosted.org/packages/7e/ab/265f7dc69d28113ebba19092e57b075f41543b2ed048429c5f56e2b88eac/pyright-1.1.411.tar.gz", hash = "sha256:d885a0551f2e763b089a02702174e7f4ba77548cddabc972ab86d1f7f1b0f998", size = 4112861, upload-time = "2026-06-25T02:14:06.37Z" }
wheels = [
    { url = "https://files.pythonhosted.org/packages/0a/49/385be530a6a5b78d1cbcd5c2e38debc8959a2fc6bdb716f4e581002979fc/pyright-1.1.411-py3-none-any.whl", hash = "sha256:dc7c72a8e2700c55baa127554040e067041ea53ccfd50bf96308cc4291c7d5d9", size = 6181526, upload-time = "2026-06-25T02:14:04.691Z" },
]

[[package]]
name = "pyyaml"
version = "6.0.3"
source = { registry = "https://pypi.org/simple" }
sdist = { url = "https://files.pythonhosted.org/packages/05/8e/961c0007c59b8dd7729d542c61a4d537767a59645b82a0b521206e1e25c2/pyyaml-6.0.3.tar.gz", hash = "sha256:d76623373421df22fb4cf8817020cbb7ef15c725b9d5e45f17e189bfc384190f", size = 130960, upload-time = "2025-09-25T21:33:16.546Z" }
wheels = [
    { url = "https://files.pythonhosted.org/packages/9d/8c/f4bd7f6465179953d3ac9bc44ac1a8a3e6122cf8ada906b4f96c60172d43/pyyaml-6.0.3-cp314-cp314-macosx_10_13_x86_64.whl", hash = "sha256:8d1fab6bb153a416f9aeb4b8763bc0f22a5586065f86f7664fc23339fc1c1fac", size = 181814, upload-time = "2025-09-25T21:32:35.712Z" },
    { url = "https://files.pythonhosted.org/packages/bd/9c/4d95bb87eb2063d20db7b60faa3840c1b18025517ae857371c4dd55a6b3a/pyyaml-6.0.3-cp314-cp314-macosx_11_0_arm64.whl", hash = "sha256:34d5fcd24b8445fadc33f9cf348c1047101756fd760b4dacb5c3e99755703310", size = 173809, upload-time = "2025-09-25T21:32:36.789Z" },
    { url = "https://files.pythonhosted.org/packages/92/b5/47e807c2623074914e29dabd16cbbdd4bf5e9b2db9f8090fa64411fc5382/pyyaml-6.0.3-cp314-cp314-manylinux2014_aarch64.manylinux_2_17_aarch64.manylinux_2_28_aarch64.whl", hash = "sha256:501a031947e3a9025ed4405a168e6ef5ae3126c59f90ce0cd6f2bfc477be31b7", size = 766454, upload-time = "2025-09-25T21:32:37.966Z" },
    { url = "https://files.pythonhosted.org/packages/02/9e/e5e9b168be58564121efb3de6859c452fccde0ab093d8438905899a3a483/pyyaml-6.0.3-cp314-cp314-manylinux2014_s390x.manylinux_2_17_s390x.manylinux_2_28_s390x.whl", hash = "sha256:b3bc83488de33889877a0f2543ade9f70c67d66d9ebb4ac959502e12de895788", size = 836355, upload-time = "2025-09-25T21:32:39.178Z" },
    { url = "https://files.pythonhosted.org/packages/88/f9/16491d7ed2a919954993e48aa941b200f38040928474c9e85ea9e64222c3/pyyaml-6.0.3-cp314-cp314-manylinux2014_x86_64.manylinux_2_17_x86_64.manylinux_2_28_x86_64.whl", hash = "sha256:c458b6d084f9b935061bc36216e8a69a7e293a2f1e68bf956dcd9e6cbcd143f5", size = 794175, upload-time = "2025-09-25T21:32:40.865Z" },
    { url = "https://files.pythonhosted.org/packages/dd/3f/5989debef34dc6397317802b527dbbafb2b4760878a53d4166579111411e/pyyaml-6.0.3-cp314-cp314-musllinux_1_2_aarch64.whl", hash = "sha256:7c6610def4f163542a622a73fb39f534f8c101d690126992300bf3207eab9764", size = 755228, upload-time = "2025-09-25T21:32:42.084Z" },
    { url = "https://files.pythonhosted.org/packages/d7/ce/af88a49043cd2e265be63d083fc75b27b6ed062f5f9fd6cdc223ad62f03e/pyyaml-6.0.3-cp314-cp314-musllinux_1_2_x86_64.whl", hash = "sha256:5190d403f121660ce8d1d2c1bb2ef1bd05b5f68533fc5c2ea899bd15f4399b35", size = 789194, upload-time = "2025-09-25T21:32:43.362Z" },
    { url = "https://files.pythonhosted.org/packages/23/20/bb6982b26a40bb43951265ba29d4c246ef0ff59c9fdcdf0ed04e0687de4d/pyyaml-6.0.3-cp314-cp314-win_amd64.whl", hash = "sha256:4a2e8cebe2ff6ab7d1050ecd59c25d4c8bd7e6f400f5f82b96557ac0abafd0ac", size = 156429, upload-time = "2025-09-25T21:32:57.844Z" },
    { url = "https://files.pythonhosted.org/packages/f4/f4/a4541072bb9422c8a883ab55255f918fa378ecf083f5b85e87fc2b4eda1b/pyyaml-6.0.3-cp314-cp314-win_arm64.whl", hash = "sha256:93dda82c9c22deb0a405ea4dc5f2d0cda384168e466364dec6255b293923b2f3", size = 143912, upload-time = "2025-09-25T21:32:59.247Z" },
    { url = "https://files.pythonhosted.org/packages/7c/f9/07dd09ae774e4616edf6cda684ee78f97777bdd15847253637a6f052a62f/pyyaml-6.0.3-cp314-cp314t-macosx_10_13_x86_64.whl", hash = "sha256:02893d100e99e03eda1c8fd5c441d8c60103fd175728e23e431db1b589cf5ab3", size = 189108, upload-time = "2025-09-25T21:32:44.377Z" },
    { url = "https://files.pythonhosted.org/packages/4e/78/8d08c9fb7ce09ad8c38ad533c1191cf27f7ae1effe5bb9400a46d9437fcf/pyyaml-6.0.3-cp314-cp314t-macosx_11_0_arm64.whl", hash = "sha256:c1ff362665ae507275af2853520967820d9124984e0f7466736aea23d8611fba", size = 183641, upload-time = "2025-09-25T21:32:45.407Z" },
    { url = "https://files.pythonhosted.org/packages/7b/5b/3babb19104a46945cf816d047db2788bcaf8c94527a805610b0289a01c6b/pyyaml-6.0.3-cp314-cp314t-manylinux2014_aarch64.manylinux_2_17_aarch64.manylinux_2_28_aarch64.whl", hash = "sha256:6adc77889b628398debc7b65c073bcb99c4a0237b248cacaf3fe8a557563ef6c", size = 831901, upload-time = "2025-09-25T21:32:48.83Z" },
    { url = "https://files.pythonhosted.org/packages/8b/cc/dff0684d8dc44da4d22a13f35f073d558c268780ce3c6ba1b87055bb0b87/pyyaml-6.0.3-cp314-cp314t-manylinux2014_s390x.manylinux_2_17_s390x.manylinux_2_28_s390x.whl", hash = "sha256:a80cb027f6b349846a3bf6d73b5e95e782175e52f22108cfa17876aaeff93702", size = 861132, upload-time = "2025-09-25T21:32:50.149Z" },
    { url = "https://files.pythonhosted.org/packages/b1/5e/f77dc6b9036943e285ba76b49e118d9ea929885becb0a29ba8a7c75e29fe/pyyaml-6.0.3-cp314-cp314t-manylinux2014_x86_64.manylinux_2_17_x86_64.manylinux_2_28_x86_64.whl", hash = "sha256:00c4bdeba853cc34e7dd471f16b4114f4162dc03e6b7afcc2128711f0eca823c", size = 839261, upload-time = "2025-09-25T21:32:51.808Z" },
    { url = "https://files.pythonhosted.org/packages/ce/88/a9db1376aa2a228197c58b37302f284b5617f56a5d959fd1763fb1675ce6/pyyaml-6.0.3-cp314-cp314t-musllinux_1_2_aarch64.whl", hash = "sha256:66e1674c3ef6f541c35191caae2d429b967b99e02040f5ba928632d9a7f0f065", size = 805272, upload-time = "2025-09-25T21:32:52.941Z" },
    { url = "https://files.pythonhosted.org/packages/da/92/1446574745d74df0c92e6aa4a7b0b3130706a4142b2d1a5869f2eaa423c6/pyyaml-6.0.3-cp314-cp314t-musllinux_1_2_x86_64.whl", hash = "sha256:16249ee61e95f858e83976573de0f5b2893b3677ba71c9dd36b9cf8be9ac6d65", size = 829923, upload-time = "2025-09-25T21:32:54.537Z" },
    { url = "https://files.pythonhosted.org/packages/f0/7a/1c7270340330e575b92f397352af856a8c06f230aa3e76f86b39d01b416a/pyyaml-6.0.3-cp314-cp314t-win_amd64.whl", hash = "sha256:4ad1906908f2f5ae4e5a8ddfce73c320c2a1429ec52eafd27138b7f1cbe341c9", size = 174062, upload-time = "2025-09-25T21:32:55.767Z" },
    { url = "https://files.pythonhosted.org/packages/f1/12/de94a39c2ef588c7e6455cfbe7343d3b2dc9d6b6b2f40c4c6565744c873d/pyyaml-6.0.3-cp314-cp314t-win_arm64.whl", hash = "sha256:ebc55a14a21cb14062aa4162f906cd962b28e2e9ea38f9b4391244cd8de4ae0b", size = 149341, upload-time = "2025-09-25T21:32:56.828Z" },
]

[[package]]
name = "ruamel-yaml"
version = "0.19.1"
source = { registry = "https://pypi.org/simple" }
sdist = { url = "https://files.pythonhosted.org/packages/c7/3b/ebda527b56beb90cb7652cb1c7e4f91f48649fbcd8d2eb2fb6e77cd3329b/ruamel_yaml-0.19.1.tar.gz", hash = "sha256:53eb66cd27849eff968ebf8f0bf61f46cdac2da1d1f3576dd4ccee9b25c31993", size = 142709, upload-time = "2026-01-02T16:50:31.84Z" }
wheels = [
    { url = "https://files.pythonhosted.org/packages/b8/0c/51f6841f1d84f404f92463fc2b1ba0da357ca1e3db6b7fbda26956c3b82a/ruamel_yaml-0.19.1-py3-none-any.whl", hash = "sha256:27592957fedf6e0b62f281e96effd28043345e0e66001f97683aa9a40c667c93", size = 118102, upload-time = "2026-01-02T16:50:29.201Z" },
]

[[package]]
name = "ruff"
version = "0.16.3"
source = { registry = "https://pypi.org/simple" }
sdist = { url = "https://files.pythonhosted.org/packages/61/b3/3213589383f8f1b3938781bd1278713f6d18621a14992b3e81fefb8a5ef9/ruff-0.16.3.tar.gz", hash = "sha256:e76d33a347661a84b5be6d043d0347fdc745dfdcf825a8f4fed64b5e26eebdf2", size = 4891904, upload-time = "2026-08-13T15:17:13.381Z" }
wheels = [
    { url = "https://files.pythonhosted.org/packages/bf/96/493770daebd68c0a67f1549fdf519f53be51fc435186c0585bcc272fd76c/ruff-0.16.3-py3-none-linux_armv6l.whl", hash = "sha256:0c5710e247a58a4521e66e124ba9a74655b414f61ba3a2e9e3811e11098f48f7", size = 10902799, upload-time = "2026-08-13T15:16:27.382Z" },
    { url = "https://files.pythonhosted.org/packages/5e/e6/2becf3942fddc29a29b8df47691d456fb1085391a694f74d84513251418c/ruff-0.16.3-py3-none-macosx_10_12_x86_64.whl", hash = "sha256:fe155130631a2471fd2e14a7a664a4dfbd7194b8229c3d7b2a40b21178639081", size = 11135539, upload-time = "2026-08-13T15:16:30.87Z" },
    { url = "https://files.pythonhosted.org/packages/3e/1e/4b8b72f0d006dbf19326aa99f9ca0ee2ff374187c4d301cf529a51aa06fe/ruff-0.16.3-py3-none-macosx_11_0_arm64.whl", hash = "sha256:e2ed719e14aa64d895c2ee922594a90a43c861a93f0575a95ff8c47cdbd13eb9", size = 10475095, upload-time = "2026-08-13T15:16:33.259Z" },
    { url = "https://files.pythonhosted.org/packages/92/32/2201fa49ba1f6c101ee321e83f051ac7a4b8d07b0ef6b4d3f2772b302275/ruff-0.16.3-py3-none-manylinux_2_17_aarch64.manylinux2014_aarch64.whl", hash = "sha256:9e0b1da805eb043654645d74d5de1e5ce2edc686e40790d2b86f56d71cc06a84", size = 10668771, upload-time = "2026-08-13T15:16:35.65Z" },
    { url = "https://files.pythonhosted.org/packages/c3/66/4afc5c8363bd04d45effce1b7c8713ca037d7a6740b7451a2403a6e3a972/ruff-0.16.3-py3-none-manylinux_2_17_armv7l.manylinux2014_armv7l.whl", hash = "sha256:a37bdea0bbe21780f590bf437d6412c8c4e1b6cd010f91a65c2c40c5e5f5f870", size = 10699568, upload-time = "2026-08-13T15:16:38.195Z" },
    { url = "https://files.pythonhosted.org/packages/53/fd/c67d246bf36bf1698551c56de39e95cd07f70e64433e0098e6267d77061b/ruff-0.16.3-py3-none-manylinux_2_17_i686.manylinux2014_i686.whl", hash = "sha256:09571e6d1288ed9be475207a3ac04ada404f1cd898104be0f6ab8d7df438575b", size = 11499365, upload-time = "2026-08-13T15:16:40.623Z" },
    { url = "https://files.pythonhosted.org/packages/67/0b/00ecbceb99a263af7b12f6f05ac3c92bc47b905e91adc3f207a836e3bc01/ruff-0.16.3-py3-none-manylinux_2_17_ppc64le.manylinux2014_ppc64le.whl", hash = "sha256:2c18c5a101eb540010638cc1ff3c84944d3adb3df62b8d98ca8f22ba484d3413", size = 12311728, upload-time = "2026-08-13T15:16:43.564Z" },
    { url = "https://files.pythonhosted.org/packages/54/b2/b7b3bb54f4d3f7db504e476ad4ab8de530dceebe2c061384b2757ee419e8/ruff-0.16.3-py3-none-manylinux_2_17_s390x.manylinux2014_s390x.whl", hash = "sha256:8457c44f15033c85ddbb77b15d451df9e24e4bd03b628396dd3610cedc3b8f82", size = 11699896, upload-time = "2026-08-13T15:16:46.209Z" },
    { url = "https://files.pythonhosted.org/packages/c7/30/4c468429ac195addc5ee1b717b6ab1b66632786737ca3b2ed3443fb0c26a/ruff-0.16.3-py3-none-manylinux_2_17_x86_64.manylinux2014_x86_64.whl", hash = "sha256:294b95c4ae0cda9388525c2047778aa758d6b8d4bb876fd4e9eaa3ebc92343eb", size = 11058736, upload-time = "2026-08-13T15:16:48.823Z" },
    { url = "https://files.pythonhosted.org/packages/43/67/7a113cdaddf24b64d7f75b1242a99d04c82fcef4f6921fdbb832beaffb5f/ruff-0.16.3-py3-none-manylinux_2_31_riscv64.whl", hash = "sha256:3d0c7c40c87c2a820509c31ba007968da6e1306468c067b2d82fbfdbcd0e8474", size = 11586911, upload-time = "2026-08-13T15:16:51.913Z" },
    { url = "https://files.pythonhosted.org/packages/f1/c1/2e66f24c0f3ead25a5e660111778685e505e5da353c82802bf49f0cbe7b9/ruff-0.16.3-py3-none-musllinux_1_2_aarch64.whl", hash = "sha256:9f738c0fdfa8eed0b2ce7fb27ee7258208a92a68d7949e62aa15164bc7b389da", size = 10954265, upload-time = "2026-08-13T15:16:54.763Z" },
    { url = "https://files.pythonhosted.org/packages/c2/ba/4cee23bf52cba9a058d3726de623624daf50ef9638868edd86f4126157f6/ruff-0.16.3-py3-none-musllinux_1_2_armv7l.whl", hash = "sha256:fb785f0be25abe69d320415cd4f833b59e17ba7613d9ba6a958023b6bceb0a50", size = 10709886, upload-time = "2026-08-13T15:16:57.339Z" },
    { url = "https://files.pythonhosted.org/packages/82/df/7da7194fa5d9dc0a285f7e6fa5a4722e7c63faac0b45b614ded9314363a1/ruff-0.16.3-py3-none-musllinux_1_2_i686.whl", hash = "sha256:c5536e3acfbf9563085aa2be7b13c629c3077e902afc5b941ac44024dbb9f506", size = 11210392, upload-time = "2026-08-13T15:17:00.171Z" },
    { url = "https://files.pythonhosted.org/packages/35/85/7795f6e817af050e7517bf3e7aa9b061cce70ef33d280aad902c956c1ecf/ruff-0.16.3-py3-none-musllinux_1_2_x86_64.whl", hash = "sha256:a2d85c02f9b8e165d85e6779184d38c4132de12603dab59c51c28e22584f9e4d", size = 11626910, upload-time = "2026-08-13T15:17:03.299Z" },
    { url = "https://files.pythonhosted.org/packages/78/9b/475b927cf27a5cbbda3c7bafb69ed6ff77e1d7923d5d85f17c2749d7ae32/ruff-0.16.3-py3-none-win32.whl", hash = "sha256:388cdf2166642bd9b13d52b5932d3170f34f8abed7e8d9a855f1d84b83645a0a", size = 10931415, upload-time = "2026-08-13T15:17:05.726Z" },
    { url = "https://files.pythonhosted.org/packages/b2/99/e2a2bfc4fbf0a1e8a916bc9ebe6fe6c58cc34c28e0ffc6ce281d572d1c2e/ruff-0.16.3-py3-none-win_amd64.whl", hash = "sha256:e80a7d69ca2a6d1c4d352ec91458cdca6e56c83cdbcabd93e4abe1e53591d948", size = 11445993, upload-time = "2026-08-13T15:17:08.353Z" },
    { url = "https://files.pythonhosted.org/packages/69/3e/4132e539aed78c148854d4997a2685b0ed4dc4e87110b59ce528564e184e/ruff-0.16.3-py3-none-win_arm64.whl", hash = "sha256:b8ca152da82c1acc1fa8d5874b15951935f0eef46f10e6954c83859011b6178a", size = 11399302, upload-time = "2026-08-13T15:17:10.908Z" },
]

[[package]]
name = "tabulate"
version = "0.10.0"
source = { registry = "https://pypi.org/simple" }
sdist = { url = "https://files.pythonhosted.org/packages/46/58/8c37dea7bbf769b20d58e7ace7e5edfe65b849442b00ffcdd56be88697c6/tabulate-0.10.0.tar.gz", hash = "sha256:e2cfde8f79420f6deeffdeda9aaec3b6bc5abce947655d17ac662b126e48a60d", size = 91754, upload-time = "2026-03-04T18:55:34.402Z" }
wheels = [
    { url = "https://files.pythonhosted.org/packages/99/55/db07de81b5c630da5cbf5c7df646580ca26dfaefa593667fc6f2fe016d2e/tabulate-0.10.0-py3-none-any.whl", hash = "sha256:f0b0622e567335c8fabaaa659f1b33bcb6ddfe2e496071b743aa113f8774f2d3", size = 39814, upload-time = "2026-03-04T18:55:31.284Z" },
]

[[package]]
name = "tally-cli"
version = "0.45.0"
source = { registry = "https://pypi.org/simple" }
wheels = [
    { url = "https://files.pythonhosted.org/packages/82/9c/d2afa51af0622d69fe9cd849629ae4b1304089b12e67dedb91212b179182/tally_cli-0.45.0-py3-none-macosx_10_15_x86_64.whl", hash = "sha256:02f8abee9573b7ab248336d63e2200678f686fb312f8bb9bb280525b064e1f55", size = 23451969, upload-time = "2026-08-10T06:24:40.063Z" },
    { url = "https://files.pythonhosted.org/packages/87/ad/d473f7415805d030205b33c961a6a58a4ac57c101dcb22be82ba3e435644/tally_cli-0.45.0-py3-none-macosx_11_0_arm64.whl", hash = "sha256:c825ae60b6cde42a6623bea5e26f7d96a27cb2918d11a8b4a348a946accb10ce", size = 21185962, upload-time = "2026-08-10T06:24:44.542Z" },
    { url = "https://files.pythonhosted.org/packages/6e/75/08858ae93bf752d09d7f58207ea19bbd48093ce0ecba864bc193494a2b07/tally_cli-0.45.0-py3-none-manylinux_2_26_aarch64.whl", hash = "sha256:249ff64ae58bfef0734a1f5d16a5ef9441410a69a5d4962f7365d59bf131c84e", size = 20648792, upload-time = "2026-08-10T06:24:48.494Z" },
    { url = "https://files.pythonhosted.org/packages/1c/30/a7281c9904ab96e7ccfa7da654e21cd013571052be9ec35a6eff8490f25e/tally_cli-0.45.0-py3-none-manylinux_2_26_x86_64.whl", hash = "sha256:a365ffe0433c1f2e39a00e23577c3652450bc65bc6852894a4cfbccc651a4819", size = 22861438, upload-time = "2026-08-10T06:24:52.395Z" },
    { url = "https://files.pythonhosted.org/packages/c6/33/333b9defb86decb0fc48f96b63ffbfcf860a3885b66eabf7091aef9bc84c/tally_cli-0.45.0-py3-none-win_amd64.whl", hash = "sha256:bc0ec700eba631fe94c501e340614f8e469d65697dfd0a5c7ad377beb350c82d", size = 23286395, upload-time = "2026-08-10T06:24:56.151Z" },
    { url = "https://files.pythonhosted.org/packages/1a/a1/1eff75369edfdce00228c3964ea40479fccf371171ca26d11169f99ac923/tally_cli-0.45.0-py3-none-win_arm64.whl", hash = "sha256:003c8dc1e8fa8b0d084d2db895fc66c16c1cf5c76b40e04a7fe56afd4c16cee3", size = 20788790, upload-time = "2026-08-10T06:24:59.949Z" },
]

[[package]]
name = "taplo"
version = "0.9.3"
source = { registry = "https://pypi.org/simple" }
sdist = { url = "https://files.pythonhosted.org/packages/71/79/513513960377e1212a28446acb323cf77dfce162e825a822f035b02a422d/taplo-0.9.3.tar.gz", hash = "sha256:6b73b45b9adbd20189d8981ac9055d5465227c58bbe1b0646a7588a1a5c07a1a", size = 102556, upload-time = "2024-08-19T10:22:15.005Z" }
wheels = [
    { url = "https://files.pythonhosted.org/packages/61/42/a93c18ebb7cf3ee2a7a30dd2fda654aca458956c3b64bdfb9d82b2c42679/taplo-0.9.3-py3-none-macosx_10_12_x86_64.whl", hash = "sha256:1c3db689406d538420c64aa779ac8694cf44c13a46e158d6df406de65980b9c7", size = 4248497, upload-time = "2024-08-19T10:21:59.954Z" },
    { url = "https://files.pythonhosted.org/packages/82/d2/f5b6e4a4f474f9fe613b5b91012520c3f62e46748a6ce9fd61fc2fb52fa2/taplo-0.9.3-py3-none-macosx_11_0_arm64.whl", hash = "sha256:1e7782f33f97e7aa658d18788748bce5cf3ce440eeb419cf5861cf542740e610", size = 4044421, upload-time = "2024-08-19T10:22:03.06Z" },
    { url = "https://files.pythonhosted.org/packages/7d/32/4ac46ff15bb9d060f50ad31fb3a80aa8ee1e6ca500104ca8569f6fbdee3d/taplo-0.9.3-py3-none-manylinux_2_17_i686.manylinux2014_i686.whl", hash = "sha256:29d4d7abfcc10bd536e5a43fe6ec2c1931507c1433e79df03ea22e1030611cb6", size = 4334420, upload-time = "2024-08-19T10:22:05.68Z" },
    { url = "https://files.pythonhosted.org/packages/ef/cc/656aed22a59cf4c50dcaaa66aaa570d4a1412acdd8ea429120a6bb00f336/taplo-0.9.3-py3-none-manylinux_2_17_x86_64.manylinux2014_x86_64.whl", hash = "sha256:33f12648f273478d7330cb3529c82f48f388501e1122e0bea78bce5ff5972b8b", size = 4468935, upload-time = "2024-08-19T10:22:08.106Z" },
    { url = "https://files.pythonhosted.org/packages/21/15/d8db1db6382b444122fa1a66fe5fe0dd5b04bfbe68c74bdb5345aec11eb2/taplo-0.9.3-py3-none-win32.whl", hash = "sha256:9ab7df76a3facc6d0dd2fe2dae3e8eb52fa458d31d27878d5eac14f5cbc0abac", size = 3482612, upload-time = "2024-08-19T10:22:10.904Z" },
    { url = "https://files.pythonhosted.org/packages/42/3c/df6641d7e2e84a6dd4de3b3a4426db7f6a7270c05bbdeadd523645c9c45f/taplo-0.9.3-py3-none-win_amd64.whl", hash = "sha256:7d80b630b93fb43cee99d1e1ee07b616236dc5615efaf7cd51074b4cffc33bab", size = 3985843, upload-time = "2024-08-19T10:22:13.446Z" },
]

[[package]]
name = "ty"
version = "0.0.72"
source = { registry = "https://pypi.org/simple" }
sdist = { url = "https://files.pythonhosted.org/packages/d5/df/656e684bafb13c1d146e7d5b5f3e7978ca177232acc84998ff36427e9462/ty-0.0.72.tar.gz", hash = "sha256:ec2b8066b618df18cab4cb8e992f8da45d360332acb23fa34df7fa29cd1b9d3a", size = 6654939, upload-time = "2026-08-14T21:35:42.612Z" }
wheels = [
    { url = "https://files.pythonhosted.org/packages/e2/3b/f51461239a4e66565d4b362f97a3b55fe7fdba2e944068341f87c62f6743/ty-0.0.72-py3-none-linux_armv6l.whl", hash = "sha256:fda86db153ffd85ee52000cf175d6a3f1c0223772cf7c5b6f726200bf92c7b44", size = 12621989, upload-time = "2026-08-14T21:35:01.676Z" },
    { url = "https://files.pythonhosted.org/packages/ca/fb/79ddf683affc679ca856f3510b5640ec3a88a842ba5f654f5d4bc78f1786/ty-0.0.72-py3-none-macosx_10_12_x86_64.whl", hash = "sha256:ceb944c612529b9023acfdc9cf4c0dcbb722549f9d17d46baecd1141baf01d7f", size = 12233910, upload-time = "2026-08-14T21:35:04.334Z" },
    { url = "https://files.pythonhosted.org/packages/5d/45/10562a0d84802158db8fa4ec46de54aa9fdcecdeeaabbfe3639ae7042b66/ty-0.0.72-py3-none-macosx_11_0_arm64.whl", hash = "sha256:108d76218333d6c092e5f1cebf8e9b06f25738613a0236a28e2dd47c936ee52c", size = 12084108, upload-time = "2026-08-14T21:35:06.686Z" },
    { url = "https://files.pythonhosted.org/packages/a1/dc/1fe1aef8d697e3509face271a5331700c7aa1d1e44a4b622707bdfa41d4b/ty-0.0.72-py3-none-manylinux_2_17_aarch64.manylinux2014_aarch64.whl", hash = "sha256:7f3943f186f741a2499a31053872169250c9264a9a49684920e48d8fcf4ef4f5", size = 12132640, upload-time = "2026-08-14T21:35:09.305Z" },
    { url = "https://files.pythonhosted.org/packages/14/46/41ceb265e96969487311a2014bd0e53abb4fbc1395efb2ebe411fcb4db62/ty-0.0.72-py3-none-manylinux_2_17_armv7l.manylinux2014_armv7l.whl", hash = "sha256:cf283c07dc3cc52ca48a3ad8ab100fb5aec3aebbd03ef6a12d5f910b8e596fc5", size = 12402489, upload-time = "2026-08-14T21:35:11.555Z" },
    { url = "https://files.pythonhosted.org/packages/2b/45/30bf43cb4fd505c5c2dd30fda27dde5f05208686cd21217adec77c954204/ty-0.0.72-py3-none-manylinux_2_17_i686.manylinux2014_i686.whl", hash = "sha256:95f3b6462c38f9f115d10cee21f47fedf715fcf2040daf36eef210359300bc7c", size = 13130835, upload-time = "2026-08-14T21:35:13.746Z" },
    { url = "https://files.pythonhosted.org/packages/31/2f/03bba754d2613f640df168335c41f83f41db150bb515839c60d80e3a7880/ty-0.0.72-py3-none-manylinux_2_17_ppc64le.manylinux2014_ppc64le.whl", hash = "sha256:30caf658feb8ffb250d9e9e47107657a78f5f3425c227df1664d8df2ebe38880", size = 13590392, upload-time = "2026-08-14T21:35:16.839Z" },
    { url = "https://files.pythonhosted.org/packages/04/c7/03c67f00e63005ec41585653dc3096064570b1e6273742baae2798cd242f/ty-0.0.72-py3-none-manylinux_2_17_s390x.manylinux2014_s390x.whl", hash = "sha256:27bdc012ddfbeec8948e4a6036c0dc39ac7cf2c8ec7c7d48dc7d2fd56d57b399", size = 13309629, upload-time = "2026-08-14T21:35:19.169Z" },
    { url = "https://files.pythonhosted.org/packages/c1/df/102d3b264eb7f2a58dd11952f229bb5150bb5668d176a6154976a6675981/ty-0.0.72-py3-none-manylinux_2_17_x86_64.manylinux2014_x86_64.whl", hash = "sha256:802c5970a77d7739e6f499921fbb6984fb7ad8a31d95e1ff42fd46f3642e4f3b", size = 12734028, upload-time = "2026-08-14T21:35:22.099Z" },
    { url = "https://files.pythonhosted.org/packages/61/85/d0737c8c54d0ba67366ddfb9f31d88edf0b02299e65923e6945ae60ebcb5/ty-0.0.72-py3-none-manylinux_2_31_riscv64.whl", hash = "sha256:47dce65114fdc615c68ca0edb393b433df0956447e4267df0e264137a789598d", size = 13174832, upload-time = "2026-08-14T21:35:24.71Z" },
    { url = "https://files.pythonhosted.org/packages/1e/31/497f5a96c36d9b586ab6afe0574986835c6fd5b835a89773d2bec4711b49/ty-0.0.72-py3-none-musllinux_1_2_aarch64.whl", hash = "sha256:325144fa07e2675d0faa337fcc864213c272a499eb0cfe5bde2fdc62282d27bc", size = 12215005, upload-time = "2026-08-14T21:35:26.892Z" },
    { url = "https://files.pythonhosted.org/packages/df/7d/46e65b17b4966c7cd0140f134380d33d8e84fe6efccd761533ce793dc502/ty-0.0.72-py3-none-musllinux_1_2_armv7l.whl", hash = "sha256:a5c9f15d0f58e43707d8848274be1821a0ef408eccb8aa7dda28a4a9eddf7640", size = 12421298, upload-time = "2026-08-14T21:35:29.301Z" },
    { url = "https://files.pythonhosted.org/packages/08/2a/12ada4ec17700b3cb1d4fd3bc3e5b1852df9e6885288429318cade87b3c1/ty-0.0.72-py3-none-musllinux_1_2_i686.whl", hash = "sha256:8ee508d64b381871529cc22c412b41071bf5e908b7aa5d66a38f3f6b2573a806", size = 12669242, upload-time = "2026-08-14T21:35:31.444Z" },
    { url = "https://files.pythonhosted.org/packages/1c/1a/4692536880790fb550ed6d44a6096778dc71bb112f2c6d615cebb01a57e5/ty-0.0.72-py3-none-musllinux_1_2_x86_64.whl", hash = "sha256:3699e2ec7921d44da79d6b089f7bf239b2cc53c4e45a5a38430adc34ee9e9a55", size = 12988199, upload-time = "2026-08-14T21:35:33.749Z" },
    { url = "https://files.pythonhosted.org/packages/9a/0d/f5e5a50322e9c45865e7b7a428ba6cd6527387cf0f2472492ac3cf746243/ty-0.0.72-py3-none-win32.whl", hash = "sha256:f25f72a67bd36cd247707c4784e52fad0b6b4f42a1b7dd14804110fa95c486ed", size = 11939708, upload-time = "2026-08-14T21:35:36.006Z" },
    { url = "https://files.pythonhosted.org/packages/3f/4e/8af3534b2e4214e6184a5a59c34101e94a68d578f081f97b995866bab1bf/ty-0.0.72-py3-none-win_amd64.whl", hash = "sha256:cdeee869341717e1736cea2e2d7856738c6957c320f584ed2f68c8f90100d2f5", size = 12643876, upload-time = "2026-08-14T21:35:38.141Z" },
    { url = "https://files.pythonhosted.org/packages/ff/ea/a2606e654c7276bd08586391a2525b0af3f3bf60228a8c57b2d248f273f9/ty-0.0.72-py3-none-win_arm64.whl", hash = "sha256:1bd3ac3ed4424a6d6990a85dc388556aea012bd752de21349a84b685951de0d8", size = 12394857, upload-time = "2026-08-14T21:35:40.277Z" },
]

[[package]]
name = "typing-extensions"
version = "4.16.0"
source = { registry = "https://pypi.org/simple" }
sdist = { url = "https://files.pythonhosted.org/packages/f6/cc/6253133b5bb138fc3306cebfbda2c520f545d36b5be2c7255cc528bb45d6/typing_extensions-4.16.0.tar.gz", hash = "sha256:dc983d19a509c94dba722ee6abd33940f7c05a89e243c47e907eb4db6f1a43e5", size = 113555, upload-time = "2026-07-02T08:40:05.92Z" }
wheels = [
    { url = "https://files.pythonhosted.org/packages/49/d3/b8441a820a491ddfc024b0b0cf0393375b75ea13866d9c66727e54c2fc80/typing_extensions-4.16.0-py3-none-any.whl", hash = "sha256:481caa481374e813c1b176ada14e97f1f67a4539ce9cfeb3f350d78d6370c2e8", size = 45571, upload-time = "2026-07-02T08:40:04.659Z" },
]
